{
  "nodes": {
    "cmpbayes": {
      "inputs": {
        "nixpkgs": [
          "nixpkgs"
        ]
      },
      "locked": {
        "lastModified": 1656426737,
        "narHash": "sha256-lkVa8rSfWvH5OGrKNEMCiU5figF4eyllLSddyauvoHM=",
        "owner": "dpaetzel",
        "repo": "cmpbayes",
        "rev": "62366d1585027d2aed66c97485e52dfc7098582b",
        "type": "github"
      },
      "original": {
        "owner": "dpaetzel",
        "repo": "cmpbayes",
        "type": "github"
      }
    },
    "nixpkgs": {
      "locked": {
        "lastModified": 1645433236,
        "narHash": "sha256-4va4MvJ076XyPp5h8sm5eMQvCrJ6yZAbBmyw95dGyw4=",
        "owner": "nixos",
        "repo": "nixpkgs",
        "rev": "7f9b6e2babf232412682c09e57ed666d8f84ac2d",
        "type": "github"
      },
      "original": {
        "owner": "nixos",
        "repo": "nixpkgs",
        "rev": "7f9b6e2babf232412682c09e57ed666d8f84ac2d",
        "type": "github"
      }
    },
    "root": {
      "inputs": {
        "cmpbayes": "cmpbayes",
        "nixpkgs": "nixpkgs"
      }
    }
  },
  "root": "root",
  "version": 7
}
